
Microsoft Visual Studio Solution File, Format Version 12.00
# Visual Studio 15
VisualStudioVersion = 15.0.28307.168
MinimumVisualStudioVersion = 10.0.40219.1
Project("{FAE04EC0-301F-11D3-BF4B-00C04F79EFBC}") = "Assignment5b", "Assignment5b\Assignment5b.csproj", "{DB01FD9A-D092-481B-BE14-EFD46BEEA992}"
EndProject
Global
	GlobalSection(SolutionConfigurationPlatforms) = preSolution
		Debug|Any CPU = Debug|Any CPU
		Release|Any CPU = Release|Any CPU
	EndGlobalSection
	GlobalSection(ProjectConfigurationPlatforms) = postSolution
		{DB01FD9A-D092-481B-BE14-EFD46BEEA992}.Debug|Any CPU.ActiveCfg = Debug|Any CPU
		{DB01FD9A-D092-481B-BE14-EFD46BEEA992}.Debug|Any CPU.Build.0 = Debug|Any CPU
		{DB01FD9A-D092-481B-BE14-EFD46BEEA992}.Release|Any CPU.ActiveCfg = Release|Any CPU
		{DB01FD9A-D092-481B-BE14-EFD46BEEA992}.Release|Any CPU.Build.0 = Release|Any CPU
	EndGlobalSection
	GlobalSection(SolutionProperties) = preSolution
		HideSolutionNode = FALSE
	EndGlobalSection
	GlobalSection(ExtensibilityGlobals) = postSolution
		SolutionGuid = {B54F7019-361A-4E95-A51A-DD2EE452A1F0}
	EndGlobalSection
EndGlobal
